
Microsoft Visual Studio Solution File, Format Version 12.00
# Visual Studio Version 16
VisualStudioVersion = 16.0.29709.97
MinimumVisualStudioVersion = 15.0.26124.0
Project("{2150E333-8FDC-42A3-9474-1A3956D46DE8}") = "WebApi", "WebApi", "{63F45446-B40F-4C8C-A869-37C4CE8952E9}"
EndProject
Project("{9A19103F-16F7-4668-BE54-9A1E7A4F7556}") = "Groket.Api", "WebApi\Groket.Api\Groket.Api.csproj", "{D1633692-2B89-440B-8B65-0FE690839719}"
EndProject
Project("{2150E333-8FDC-42A3-9474-1A3956D46DE8}") = "Domain", "Domain", "{95BD7F16-759C-4EEF-B40A-A19EE47A136E}"
EndProject
Project("{9A19103F-16F7-4668-BE54-9A1E7A4F7556}") = "Groket.Domain", "Domain\Groket.Domain\Groket.Domain.csproj", "{358168CB-7DD8-4BEE-991E-0DAD7DF3E7B7}"
EndProject
Project("{2150E333-8FDC-42A3-9474-1A3956D46DE8}") = "WebUI", "WebUI", "{CAB675ED-7385-456B-8D84-C4D41AA8CA8A}"
EndProject
Project("{2150E333-8FDC-42A3-9474-1A3956D46DE8}") = "Admin", "Admin", "{BFC25E03-7846-4D43-BB33-85C6E07D20CB}"
EndProject
Project("{9A19103F-16F7-4668-BE54-9A1E7A4F7556}") = "Groket.Admin", "WebUI\Admin\Groket.Admin\Groket.Admin.csproj", "{55A58D31-7AB7-4CC9-BD1A-2EA7133E15F8}"
EndProject
Project("{2150E333-8FDC-42A3-9474-1A3956D46DE8}") = "Infrastructure", "Infrastructure", "{960C6EB8-02A6-4E02-9894-63E08428A528}"
EndProject
Project("{2150E333-8FDC-42A3-9474-1A3956D46DE8}") = "Data", "Data", "{65B05F3F-FF16-47E1-9860-BEA80CEE09CA}"
EndProject
Project("{2150E333-8FDC-42A3-9474-1A3956D46DE8}") = "IoC", "IoC", "{892D09B9-9724-451A-B482-929077DC12F9}"
EndProject
Project("{9A19103F-16F7-4668-BE54-9A1E7A4F7556}") = "Groket.Data", "Groket.Data\Groket.Data.csproj", "{BCC0B050-2539-4AA4-AD97-0538B3637AEE}"
EndProject
Project("{2150E333-8FDC-42A3-9474-1A3956D46DE8}") = "IdentityServer", "IdentityServer", "{DFF372E8-799C-40C0-8973-7898CA96B997}"
EndProject
Global
	GlobalSection(SolutionConfigurationPlatforms) = preSolution
		Debug|Any CPU = Debug|Any CPU
		Debug|x64 = Debug|x64
		Debug|x86 = Debug|x86
		Release|Any CPU = Release|Any CPU
		Release|x64 = Release|x64
		Release|x86 = Release|x86
	EndGlobalSection
	GlobalSection(ProjectConfigurationPlatforms) = postSolution
		{D1633692-2B89-440B-8B65-0FE690839719}.Debug|Any CPU.ActiveCfg = Debug|Any CPU
		{D1633692-2B89-440B-8B65-0FE690839719}.Debug|Any CPU.Build.0 = Debug|Any CPU
		{D1633692-2B89-440B-8B65-0FE690839719}.Debug|x64.ActiveCfg = Debug|Any CPU
		{D1633692-2B89-440B-8B65-0FE690839719}.Debug|x64.Build.0 = Debug|Any CPU
		{D1633692-2B89-440B-8B65-0FE690839719}.Debug|x86.ActiveCfg = Debug|Any CPU
		{D1633692-2B89-440B-8B65-0FE690839719}.Debug|x86.Build.0 = Debug|Any CPU
		{D1633692-2B89-440B-8B65-0FE690839719}.Release|Any CPU.ActiveCfg = Release|Any CPU
		{D1633692-2B89-440B-8B65-0FE690839719}.Release|Any CPU.Build.0 = Release|Any CPU
		{D1633692-2B89-440B-8B65-0FE690839719}.Release|x64.ActiveCfg = Release|Any CPU
		{D1633692-2B89-440B-8B65-0FE690839719}.Release|x64.Build.0 = Release|Any CPU
		{D1633692-2B89-440B-8B65-0FE690839719}.Release|x86.ActiveCfg = Release|Any CPU
		{D1633692-2B89-440B-8B65-0FE690839719}.Release|x86.Build.0 = Release|Any CPU
		{358168CB-7DD8-4BEE-991E-0DAD7DF3E7B7}.Debug|Any CPU.ActiveCfg = Debug|Any CPU
		{358168CB-7DD8-4BEE-991E-0DAD7DF3E7B7}.Debug|Any CPU.Build.0 = Debug|Any CPU
		{358168CB-7DD8-4BEE-991E-0DAD7DF3E7B7}.Debug|x64.ActiveCfg = Debug|Any CPU
		{358168CB-7DD8-4BEE-991E-0DAD7DF3E7B7}.Debug|x64.Build.0 = Debug|Any CPU
		{358168CB-7DD8-4BEE-991E-0DAD7DF3E7B7}.Debug|x86.ActiveCfg = Debug|Any CPU
		{358168CB-7DD8-4BEE-991E-0DAD7DF3E7B7}.Debug|x86.Build.0 = Debug|Any CPU
		{358168CB-7DD8-4BEE-991E-0DAD7DF3E7B7}.Release|Any CPU.ActiveCfg = Release|Any CPU
		{358168CB-7DD8-4BEE-991E-0DAD7DF3E7B7}.Release|Any CPU.Build.0 = Release|Any CPU
		{358168CB-7DD8-4BEE-991E-0DAD7DF3E7B7}.Release|x64.ActiveCfg = Release|Any CPU
		{358168CB-7DD8-4BEE-991E-0DAD7DF3E7B7}.Release|x64.Build.0 = Release|Any CPU
		{358168CB-7DD8-4BEE-991E-0DAD7DF3E7B7}.Release|x86.ActiveCfg = Release|Any CPU
		{358168CB-7DD8-4BEE-991E-0DAD7DF3E7B7}.Release|x86.Build.0 = Release|Any CPU
		{55A58D31-7AB7-4CC9-BD1A-2EA7133E15F8}.Debug|Any CPU.ActiveCfg = Debug|Any CPU
		{55A58D31-7AB7-4CC9-BD1A-2EA7133E15F8}.Debug|Any CPU.Build.0 = Debug|Any CPU
		{55A58D31-7AB7-4CC9-BD1A-2EA7133E15F8}.Debug|x64.ActiveCfg = Debug|Any CPU
		{55A58D31-7AB7-4CC9-BD1A-2EA7133E15F8}.Debug|x64.Build.0 = Debug|Any CPU
		{55A58D31-7AB7-4CC9-BD1A-2EA7133E15F8}.Debug|x86.ActiveCfg = Debug|Any CPU
		{55A58D31-7AB7-4CC9-BD1A-2EA7133E15F8}.Debug|x86.Build.0 = Debug|Any CPU
		{55A58D31-7AB7-4CC9-BD1A-2EA7133E15F8}.Release|Any CPU.ActiveCfg = Release|Any CPU
		{55A58D31-7AB7-4CC9-BD1A-2EA7133E15F8}.Release|Any CPU.Build.0 = Release|Any CPU
		{55A58D31-7AB7-4CC9-BD1A-2EA7133E15F8}.Release|x64.ActiveCfg = Release|Any CPU
		{55A58D31-7AB7-4CC9-BD1A-2EA7133E15F8}.Release|x64.Build.0 = Release|Any CPU
		{55A58D31-7AB7-4CC9-BD1A-2EA7133E15F8}.Release|x86.ActiveCfg = Release|Any CPU
		{55A58D31-7AB7-4CC9-BD1A-2EA7133E15F8}.Release|x86.Build.0 = Release|Any CPU
		{BCC0B050-2539-4AA4-AD97-0538B3637AEE}.Debug|Any CPU.ActiveCfg = Debug|Any CPU
		{BCC0B050-2539-4AA4-AD97-0538B3637AEE}.Debug|Any CPU.Build.0 = Debug|Any CPU
		{BCC0B050-2539-4AA4-AD97-0538B3637AEE}.Debug|x64.ActiveCfg = Debug|Any CPU
		{BCC0B050-2539-4AA4-AD97-0538B3637AEE}.Debug|x64.Build.0 = Debug|Any CPU
		{BCC0B050-2539-4AA4-AD97-0538B3637AEE}.Debug|x86.ActiveCfg = Debug|Any CPU
		{BCC0B050-2539-4AA4-AD97-0538B3637AEE}.Debug|x86.Build.0 = Debug|Any CPU
		{BCC0B050-2539-4AA4-AD97-0538B3637AEE}.Release|Any CPU.ActiveCfg = Release|Any CPU
		{BCC0B050-2539-4AA4-AD97-0538B3637AEE}.Release|Any CPU.Build.0 = Release|Any CPU
		{BCC0B050-2539-4AA4-AD97-0538B3637AEE}.Release|x64.ActiveCfg = Release|Any CPU
		{BCC0B050-2539-4AA4-AD97-0538B3637AEE}.Release|x64.Build.0 = Release|Any CPU
		{BCC0B050-2539-4AA4-AD97-0538B3637AEE}.Release|x86.ActiveCfg = Release|Any CPU
		{BCC0B050-2539-4AA4-AD97-0538B3637AEE}.Release|x86.Build.0 = Release|Any CPU
	EndGlobalSection
	GlobalSection(SolutionProperties) = preSolution
		HideSolutionNode = FALSE
	EndGlobalSection
	GlobalSection(NestedProjects) = preSolution
		{D1633692-2B89-440B-8B65-0FE690839719} = {63F45446-B40F-4C8C-A869-37C4CE8952E9}
		{358168CB-7DD8-4BEE-991E-0DAD7DF3E7B7} = {95BD7F16-759C-4EEF-B40A-A19EE47A136E}
		{BFC25E03-7846-4D43-BB33-85C6E07D20CB} = {CAB675ED-7385-456B-8D84-C4D41AA8CA8A}
		{55A58D31-7AB7-4CC9-BD1A-2EA7133E15F8} = {BFC25E03-7846-4D43-BB33-85C6E07D20CB}
		{65B05F3F-FF16-47E1-9860-BEA80CEE09CA} = {960C6EB8-02A6-4E02-9894-63E08428A528}
		{892D09B9-9724-451A-B482-929077DC12F9} = {960C6EB8-02A6-4E02-9894-63E08428A528}
		{BCC0B050-2539-4AA4-AD97-0538B3637AEE} = {65B05F3F-FF16-47E1-9860-BEA80CEE09CA}
	EndGlobalSection
	GlobalSection(ExtensibilityGlobals) = postSolution
		SolutionGuid = {67AF2563-F1D2-45AA-9C36-D3334AD32F0A}
	EndGlobalSection
EndGlobal
